
Microsoft Visual Studio Solution File, Format Version 12.00
# Visual Studio 15
VisualStudioVersion = 15.0.27428.2037
MinimumVisualStudioVersion = 10.0.40219.1
Project("{E24C65DC-7377-472B-9ABA-BC803B73C61A}") = "CustomModule", "CustomModule\", "{34C6EBCC-05C7-4AFF-A591-0775AA94C83D}"
	ProjectSection(WebsiteProperties) = preProject
		TargetFrameworkMoniker = ".NETFramework,Version%3Dv4.6.1"
		ProjectReferences = "{ea69148d-da93-4a94-9092-1287ae8d7440}|HttpModules.dll;"
		Debug.AspNetCompiler.VirtualPath = "/localhost_62639"
		Debug.AspNetCompiler.PhysicalPath = "CustomModule\"
		Debug.AspNetCompiler.TargetPath = "PrecompiledWeb\localhost_62639\"
		Debug.AspNetCompiler.Updateable = "true"
		Debug.AspNetCompiler.ForceOverwrite = "true"
		Debug.AspNetCompiler.FixedNames = "false"
		Debug.AspNetCompiler.Debug = "True"
		Release.AspNetCompiler.VirtualPath = "/localhost_62639"
		Release.AspNetCompiler.PhysicalPath = "CustomModule\"
		Release.AspNetCompiler.TargetPath = "PrecompiledWeb\localhost_62639\"
		Release.AspNetCompiler.Updateable = "true"
		Release.AspNetCompiler.ForceOverwrite = "true"
		Release.AspNetCompiler.FixedNames = "false"
		Release.AspNetCompiler.Debug = "False"
		VWDPort = "62639"
		SlnRelativePath = "CustomModule\"
		DefaultWebSiteLanguage = "Visual C#"
	EndProjectSection
EndProject
Project("{FAE04EC0-301F-11D3-BF4B-00C04F79EFBC}") = "HttpModules", "HttpModules\HttpModules.csproj", "{EA69148D-DA93-4A94-9092-1287AE8D7440}"
EndProject
Global
	GlobalSection(SolutionConfigurationPlatforms) = preSolution
		Debug|Any CPU = Debug|Any CPU
		Release|Any CPU = Release|Any CPU
	EndGlobalSection
	GlobalSection(ProjectConfigurationPlatforms) = postSolution
		{34C6EBCC-05C7-4AFF-A591-0775AA94C83D}.Debug|Any CPU.ActiveCfg = Debug|Any CPU
		{34C6EBCC-05C7-4AFF-A591-0775AA94C83D}.Debug|Any CPU.Build.0 = Debug|Any CPU
		{34C6EBCC-05C7-4AFF-A591-0775AA94C83D}.Release|Any CPU.ActiveCfg = Debug|Any CPU
		{34C6EBCC-05C7-4AFF-A591-0775AA94C83D}.Release|Any CPU.Build.0 = Debug|Any CPU
		{EA69148D-DA93-4A94-9092-1287AE8D7440}.Debug|Any CPU.ActiveCfg = Debug|Any CPU
		{EA69148D-DA93-4A94-9092-1287AE8D7440}.Debug|Any CPU.Build.0 = Debug|Any CPU
		{EA69148D-DA93-4A94-9092-1287AE8D7440}.Release|Any CPU.ActiveCfg = Release|Any CPU
		{EA69148D-DA93-4A94-9092-1287AE8D7440}.Release|Any CPU.Build.0 = Release|Any CPU
	EndGlobalSection
	GlobalSection(SolutionProperties) = preSolution
		HideSolutionNode = FALSE
	EndGlobalSection
	GlobalSection(ExtensibilityGlobals) = postSolution
		SolutionGuid = {0EC4565F-A6AF-42E2-80DB-60C7AABEB817}
	EndGlobalSection
EndGlobal
